
Microsoft Visual Studio Solution File, Format Version 12.00
# Visual Studio Version 17
VisualStudioVersion = 17.8.34309.116
MinimumVisualStudioVersion = 10.0.40219.1
Project("{FAE04EC0-301F-11D3-BF4B-00C04F79EFBC}") = "ProjectManagerAuth", "ProjectManagerAuth.csproj", "{7DE0F886-634F-4594-A703-577D1B0FC38C}"
EndProject
Global
	GlobalSection(SolutionConfigurationPlatforms) = preSolution
		Debug|Any CPU = Debug|Any CPU
		Release|Any CPU = Release|Any CPU
	EndGlobalSection
	GlobalSection(ProjectConfigurationPlatforms) = postSolution
		{7DE0F886-634F-4594-A703-577D1B0FC38C}.Debug|Any CPU.ActiveCfg = Debug|Any CPU
		{7DE0F886-634F-4594-A703-577D1B0FC38C}.Debug|Any CPU.Build.0 = Debug|Any CPU
		{7DE0F886-634F-4594-A703-577D1B0FC38C}.Release|Any CPU.ActiveCfg = Release|Any CPU
		{7DE0F886-634F-4594-A703-577D1B0FC38C}.Release|Any CPU.Build.0 = Release|Any CPU
	EndGlobalSection
	GlobalSection(SolutionProperties) = preSolution
		HideSolutionNode = FALSE
	EndGlobalSection
	GlobalSection(ExtensibilityGlobals) = postSolution
		SolutionGuid = {8E621945-6824-44DC-9F9E-54EE7D1C33C4}
	EndGlobalSection
EndGlobal
